schema: '2.0'
stages:
  data_ingestion:
    cmd: python src/data/data_ingestion.py
    deps:
    - path: src/data/data_ingestion.py
      hash: md5
      md5: 52cf893ba3f4c20d3d9172db0643a50a
      size: 3307
    params:
      params.yaml:
        data_ingestion.test_size: 0.25
    outs:
    - path: data/raw
      hash: md5
      md5: 4cb13be77d38db01f1457549ce0e0406.dir
      size: 649243
      nfiles: 2
  data_preprocessing:
    cmd: python src/data/data_preprocessing.py
    deps:
    - path: data/raw
      hash: md5
      md5: 4cb13be77d38db01f1457549ce0e0406.dir
      size: 649243
      nfiles: 2
    - path: src/data/data_preprocessing.py
      hash: md5
      md5: d5fe4bb9e094804a8a3052a976f7d0c7
      size: 2981
    outs:
    - path: data/interim
      hash: md5
      md5: 9f8e59825be36031c3bcb52f68675723.dir
      size: 401173
      nfiles: 2
  feature_engineering:
    cmd: python src/features/feature_engineering.py
    deps:
    - path: data/interim
      hash: md5
      md5: 9f8e59825be36031c3bcb52f68675723.dir
      size: 401173
      nfiles: 2
    - path: src/features/feature_engineering.py
      hash: md5
      md5: cde04a343d81673d5e0f155d843000c3
      size: 3395
    params:
      params.yaml:
        feature_engineering.max_features: 60
    outs:
    - path: data/processed
      hash: md5
      md5: 0e7469ea3d7f3f13a4ea6fdcbcbbce9b.dir
      size: 61943
      nfiles: 2
    - path: models/vectorizer.pkl
      hash: md5
      md5: 084fb5f3a5aab0143487f605b84b81ba
      size: 1886
  model_building:
    cmd: python src/model/model_building.py
    deps:
    - path: data/processed
      hash: md5
      md5: 0e7469ea3d7f3f13a4ea6fdcbcbbce9b.dir
      size: 61943
      nfiles: 2
    - path: src/model/model_building.py
      hash: md5
      md5: 03046d873cf09cf91bf9e7dc4204f4e8
      size: 1870
    outs:
    - path: models/model.pkl
      hash: md5
      md5: 262566d1f5524c0a2bc4f1a11ee2a896
      size: 1194
  model_evaluation:
    cmd: python src/model/model_evaluation.py
    deps:
    - path: models/model.pkl
      hash: md5
      md5: 262566d1f5524c0a2bc4f1a11ee2a896
      size: 1194
    - path: src/model/model_evaluation.py
      hash: md5
      md5: eabb103b3c11dd5b10dff38520416a1a
      size: 4654
    outs:
    - path: reports/experiment_info.json
      hash: md5
      md5: 5ef6fe58d70cf554de50290163d50431
      size: 82
    - path: reports/metrics.json
      hash: md5
      md5: 7e4222b02dbe6eb9e3628e305561dd6d
      size: 133
  model_registration:
    cmd: python src/model/register_model.py
    deps:
    - path: reports/experiment_info.json
      hash: md5
      md5: 5ef6fe58d70cf554de50290163d50431
      size: 82
    - path: src/model/register_model.py
      hash: md5
      md5: 2341b2dea11bcf3173ffad8efd839e59
      size: 2147
